// !$*UTF8*$!
{
	archiveVersion = 1;
	classes = {
	};
	objectVersion = 46;
	objects = {

/* Begin PBXBuildFile section */
		1E53AA6D6BE24769B9E80A48 /* libPods.a in Frameworks */ = {isa = PBXBuildFile; fileRef = 2D3A7DBA986F4DA2B15F4D6C /* libPods.a */; };
		AB77853418B1B89C0080C9D2 /* Foundation.framework in Frameworks */ = {isa = PBXBuildFile; fileRef = AB77853318B1B89C0080C9D2 /* Foundation.framework */; };
		AB77853618B1B89C0080C9D2 /* CoreGraphics.framework in Frameworks */ = {isa = PBXBuildFile; fileRef = AB77853518B1B89C0080C9D2 /* CoreGraphics.framework */; };
		AB77853818B1B89C0080C9D2 /* UIKit.framework in Frameworks */ = {isa = PBXBuildFile; fileRef = AB77853718B1B89C0080C9D2 /* UIKit.framework */; };
		AB77853E18B1B89C0080C9D2 /* InfoPlist.strings in Resources */ = {isa = PBXBuildFile; fileRef = AB77853C18B1B89C0080C9D2 /* InfoPlist.strings */; };
		AB77854018B1B89C0080C9D2 /* main.m in Sources */ = {isa = PBXBuildFile; fileRef = AB77853F18B1B89C0080C9D2 /* main.m */; };
		AB77854418B1B89C0080C9D2 /* MHAppDelegate.m in Sources */ = {isa = PBXBuildFile; fileRef = AB77854318B1B89C0080C9D2 /* MHAppDelegate.m */; };
		AB77854718B1B89C0080C9D2 /* Main.storyboard in Resources */ = {isa = PBXBuildFile; fileRef = AB77854518B1B89C0080C9D2 /* Main.storyboard */; };
		AB77854A18B1B89C0080C9D2 /* MHViewController.m in Sources */ = {isa = PBXBuildFile; fileRef = AB77854918B1B89C0080C9D2 /* MHViewController.m */; };
		AB77854C18B1B89C0080C9D2 /* Images.xcassets in Resources */ = {isa = PBXBuildFile; fileRef = AB77854B18B1B89C0080C9D2 /* Images.xcassets */; };
		AB77855318B1B89C0080C9D2 /* XCTest.framework in Frameworks */ = {isa = PBXBuildFile; fileRef = AB77855218B1B89C0080C9D2 /* XCTest.framework */; };
		AB77855418B1B89C0080C9D2 /* Foundation.framework in Frameworks */ = {isa = PBXBuildFile; fileRef = AB77853318B1B89C0080C9D2 /* Foundation.framework */; };
		AB77855518B1B89C0080C9D2 /* UIKit.framework in Frameworks */ = {isa = PBXBuildFile; fileRef = AB77853718B1B89C0080C9D2 /* UIKit.framework */; };
		AB77855D18B1B89C0080C9D2 /* InfoPlist.strings in Resources */ = {isa = PBXBuildFile; fileRef = AB77855B18B1B89C0080C9D2 /* InfoPlist.strings */; };
		AB77855F18B1B89C0080C9D2 /* MovieHobbitTests.m in Sources */ = {isa = PBXBuildFile; fileRef = AB77855E18B1B89C0080C9D2 /* MovieHobbitTests.m */; };
		ABC4A9B518B1C07B00EAA06E /* MHGlobalVar.m in Sources */ = {isa = PBXBuildFile; fileRef = ABC4A9B418B1C07B00EAA06E /* MHGlobalVar.m */; };
		ABC4A9B818B1C09600EAA06E /* MHDataManager.m in Sources */ = {isa = PBXBuildFile; fileRef = ABC4A9B718B1C09600EAA06E /* MHDataManager.m */; };
		ABC4A9BB18B1C0A700EAA06E /* MHDataManager.xcdatamodeld in Sources */ = {isa = PBXBuildFile; fileRef = ABC4A9B918B1C0A700EAA06E /* MHDataManager.xcdatamodeld */; };
		ABC4A9C418B1C5A700EAA06E /* MovieItem.m in Sources */ = {isa = PBXBuildFile; fileRef = ABC4A9C318B1C5A700EAA06E /* MovieItem.m */; };
		ABC4A9C718B1C72200EAA06E /* MHMovieItemCell.m in Sources */ = {isa = PBXBuildFile; fileRef = ABC4A9C618B1C72200EAA06E /* MHMovieItemCell.m */; };
/* End PBXBuildFile section */

/* Begin PBXContainerItemProxy section */
		AB77855618B1B89C0080C9D2 /* PBXContainerItemProxy */ = {
			isa = PBXContainerItemProxy;
			containerPortal = AB77852818B1B89C0080C9D2 /* Project object */;
			proxyType = 1;
			remoteGlobalIDString = AB77852F18B1B89C0080C9D2;
			remoteInfo = MovieHobbit;
		};
/* End PBXContainerItemProxy section */

/* Begin PBXFileReference section */
		2D3A7DBA986F4DA2B15F4D6C /* libPods.a */ = {isa = PBXFileReference; explicitFileType = archive.ar; includeInIndex = 0; path = libPods.a; sourceTree = BUILT_PRODUCTS_DIR; };
		AB77853018B1B89C0080C9D2 /* MovieHobbit.app */ = {isa = PBXFileReference; explicitFileType = wrapper.application; includeInIndex = 0; path = MovieHobbit.app; sourceTree = BUILT_PRODUCTS_DIR; };
		AB77853318B1B89C0080C9D2 /* Foundation.framework */ = {isa = PBXFileReference; lastKnownFileType = wrapper.framework; name = Foundation.framework; path = System/Library/Frameworks/Foundation.framework; sourceTree = SDKROOT; };
		AB77853518B1B89C0080C9D2 /* CoreGraphics.framework */ = {isa = PBXFileReference; lastKnownFileType = wrapper.framework; name = CoreGraphics.framework; path = System/Library/Frameworks/CoreGraphics.framework; sourceTree = SDKROOT; };
		AB77853718B1B89C0080C9D2 /* UIKit.framework */ = {isa = PBXFileReference; lastKnownFileType = wrapper.framework; name = UIKit.framework; path = System/Library/Frameworks/UIKit.framework; sourceTree = SDKROOT; };
		AB77853B18B1B89C0080C9D2 /* MovieHobbit-Info.plist */ = {isa = PBXFileReference; lastKnownFileType = text.plist.xml; path = "MovieHobbit-Info.plist"; sourceTree = "<group>"; };
		AB77853D18B1B89C0080C9D2 /* en */ = {isa = PBXFileReference; lastKnownFileType = text.plist.strings; name = en; path = en.lproj/InfoPlist.strings; sourceTree = "<group>"; };
		AB77853F18B1B89C0080C9D2 /* main.m */ = {isa = PBXFileReference; lastKnownFileType = sourcecode.c.objc; path = main.m; sourceTree = "<group>"; };
		AB77854118B1B89C0080C9D2 /* MovieHobbit-Prefix.pch */ = {isa = PBXFileReference; lastKnownFileType = sourcecode.c.h; path = "MovieHobbit-Prefix.pch"; sourceTree = "<group>"; };
		AB77854218B1B89C0080C9D2 /* MHAppDelegate.h */ = {isa = PBXFileReference; lastKnownFileType = sourcecode.c.h; path = MHAppDelegate.h; sourceTree = "<group>"; };
		AB77854318B1B89C0080C9D2 /* MHAppDelegate.m */ = {isa = PBXFileReference; lastKnownFileType = sourcecode.c.objc; path = MHAppDelegate.m; sourceTree = "<group>"; };
		AB77854618B1B89C0080C9D2 /* Base */ = {isa = PBXFileReference; lastKnownFileType = file.storyboard; name = Base; path = Base.lproj/Main.storyboard; sourceTree = "<group>"; };
		AB77854818B1B89C0080C9D2 /* MHViewController.h */ = {isa = PBXFileReference; lastKnownFileType = sourcecode.c.h; path = MHViewController.h; sourceTree = "<group>"; };
		AB77854918B1B89C0080C9D2 /* MHViewController.m */ = {isa = PBXFileReference; lastKnownFileType = sourcecode.c.objc; path = MHViewController.m; sourceTree = "<group>"; };
		AB77854B18B1B89C0080C9D2 /* Images.xcassets */ = {isa = PBXFileReference; lastKnownFileType = folder.assetcatalog; path = Images.xcassets; sourceTree = "<group>"; };
		AB77855118B1B89C0080C9D2 /* MovieHobbitTests.xctest */ = {isa = PBXFileReference; explicitFileType = wrapper.cfbundle; includeInIndex = 0; path = MovieHobbitTests.xctest; sourceTree = BUILT_PRODUCTS_DIR; };
		AB77855218B1B89C0080C9D2 /* XCTest.framework */ = {isa = PBXFileReference; lastKnownFileType = wrapper.framework; name = XCTest.framework; path = Library/Frameworks/XCTest.framework; sourceTree = DEVELOPER_DIR; };
		AB77855A18B1B89C0080C9D2 /* MovieHobbitTests-Info.plist */ = {isa = PBXFileReference; lastKnownFileType = text.plist.xml; path = "MovieHobbitTests-Info.plist"; sourceTree = "<group>"; };
		AB77855C18B1B89C0080C9D2 /* en */ = {isa = PBXFileReference; lastKnownFileType = text.plist.strings; name = en; path = en.lproj/InfoPlist.strings; sourceTree = "<group>"; };
		AB77855E18B1B89C0080C9D2 /* MovieHobbitTests.m */ = {isa = PBXFileReference; lastKnownFileType = sourcecode.c.objc; path = MovieHobbitTests.m; sourceTree = "<group>"; };
		ABC4A9B318B1C07B00EAA06E /* MHGlobalVar.h */ = {isa = PBXFileReference; fileEncoding = 4; lastKnownFileType = sourcecode.c.h; path = MHGlobalVar.h; sourceTree = "<group>"; };
		ABC4A9B418B1C07B00EAA06E /* MHGlobalVar.m */ = {isa = PBXFileReference; fileEncoding = 4; lastKnownFileType = sourcecode.c.objc; path = MHGlobalVar.m; sourceTree = "<group>"; };
		ABC4A9B618B1C09600EAA06E /* MHDataManager.h */ = {isa = PBXFileReference; fileEncoding = 4; lastKnownFileType = sourcecode.c.h; path = MHDataManager.h; sourceTree = "<group>"; };
		ABC4A9B718B1C09600EAA06E /* MHDataManager.m */ = {isa = PBXFileReference; fileEncoding = 4; lastKnownFileType = sourcecode.c.objc; path = MHDataManager.m; sourceTree = "<group>"; };
		ABC4A9BA18B1C0A700EAA06E /* MHDataManager.xcdatamodel */ = {isa = PBXFileReference; lastKnownFileType = wrapper.xcdatamodel; path = MHDataManager.xcdatamodel; sourceTree = "<group>"; };
		ABC4A9C218B1C5A700EAA06E /* MovieItem.h */ = {isa = PBXFileReference; fileEncoding = 4; lastKnownFileType = sourcecode.c.h; path = MovieItem.h; sourceTree = "<group>"; };
		ABC4A9C318B1C5A700EAA06E /* MovieItem.m */ = {isa = PBXFileReference; fileEncoding = 4; lastKnownFileType = sourcecode.c.objc; path = MovieItem.m; sourceTree = "<group>"; };
		ABC4A9C518B1C72200EAA06E /* MHMovieItemCell.h */ = {isa = PBXFileReference; fileEncoding = 4; lastKnownFileType = sourcecode.c.h; path = MHMovieItemCell.h; sourceTree = "<group>"; };
		ABC4A9C618B1C72200EAA06E /* MHMovieItemCell.m */ = {isa = PBXFileReference; fileEncoding = 4; lastKnownFileType = sourcecode.c.objc; path = MHMovieItemCell.m; sourceTree = "<group>"; };
		CAF8A3E33FD542E7B9E9F88A /* Pods.xcconfig */ = {isa = PBXFileReference; includeInIndex = 1; lastKnownFileType = text.xcconfig; name = Pods.xcconfig; path = Pods/Pods.xcconfig; sourceTree = "<group>"; };
/* End PBXFileReference section */

/* Begin PBXFrameworksBuildPhase section */
		AB77852D18B1B89C0080C9D2 /* Frameworks */ = {
			isa = PBXFrameworksBuildPhase;
			buildActionMask = 2147483647;
			files = (
				AB77853618B1B89C0080C9D2 /* CoreGraphics.framework in Frameworks */,
				AB77853818B1B89C0080C9D2 /* UIKit.framework in Frameworks */,
				AB77853418B1B89C0080C9D2 /* Foundation.framework in Frameworks */,
				1E53AA6D6BE24769B9E80A48 /* libPods.a in Frameworks */,
			);
			runOnlyForDeploymentPostprocessing = 0;
		};
		AB77854E18B1B89C0080C9D2 /* Frameworks */ = {
			isa = PBXFrameworksBuildPhase;
			buildActionMask = 2147483647;
			files = (
				AB77855318B1B89C0080C9D2 /* XCTest.framework in Frameworks */,
				AB77855518B1B89C0080C9D2 /* UIKit.framework in Frameworks */,
				AB77855418B1B89C0080C9D2 /* Foundation.framework in Frameworks */,
			);
			runOnlyForDeploymentPostprocessing = 0;
		};
/* End PBXFrameworksBuildPhase section */

/* Begin PBXGroup section */
		AB77852718B1B89C0080C9D2 = {
			isa = PBXGroup;
			children = (
				AB77853918B1B89C0080C9D2 /* MovieHobbit */,
				AB77855818B1B89C0080C9D2 /* MovieHobbitTests */,
				AB77853218B1B89C0080C9D2 /* Frameworks */,
				AB77853118B1B89C0080C9D2 /* Products */,
				CAF8A3E33FD542E7B9E9F88A /* Pods.xcconfig */,
			);
			sourceTree = "<group>";
		};
		AB77853118B1B89C0080C9D2 /* Products */ = {
			isa = PBXGroup;
			children = (
				AB77853018B1B89C0080C9D2 /* MovieHobbit.app */,
				AB77855118B1B89C0080C9D2 /* MovieHobbitTests.xctest */,
			);
			name = Products;
			sourceTree = "<group>";
		};
		AB77853218B1B89C0080C9D2 /* Frameworks */ = {
			isa = PBXGroup;
			children = (
				AB77853318B1B89C0080C9D2 /* Foundation.framework */,
				AB77853518B1B89C0080C9D2 /* CoreGraphics.framework */,
				AB77853718B1B89C0080C9D2 /* UIKit.framework */,
				AB77855218B1B89C0080C9D2 /* XCTest.framework */,
				2D3A7DBA986F4DA2B15F4D6C /* libPods.a */,
			);
			name = Frameworks;
			sourceTree = "<group>";
		};
		AB77853918B1B89C0080C9D2 /* MovieHobbit */ = {
			isa = PBXGroup;
			children = (
				ABC4A9B218B1C05F00EAA06E /* Model */,
				AB77854218B1B89C0080C9D2 /* MHAppDelegate.h */,
				AB77854318B1B89C0080C9D2 /* MHAppDelegate.m */,
				AB77854518B1B89C0080C9D2 /* Main.storyboard */,
				AB77854818B1B89C0080C9D2 /* MHViewController.h */,
				AB77854918B1B89C0080C9D2 /* MHViewController.m */,
				AB77854B18B1B89C0080C9D2 /* Images.xcassets */,
				AB77853A18B1B89C0080C9D2 /* Supporting Files */,
				ABC4A9C518B1C72200EAA06E /* MHMovieItemCell.h */,
				ABC4A9C618B1C72200EAA06E /* MHMovieItemCell.m */,
			);
			path = MovieHobbit;
			sourceTree = "<group>";
		};
		AB77853A18B1B89C0080C9D2 /* Supporting Files */ = {
			isa = PBXGroup;
			children = (
				AB77853B18B1B89C0080C9D2 /* MovieHobbit-Info.plist */,
				AB77853C18B1B89C0080C9D2 /* InfoPlist.strings */,
				AB77853F18B1B89C0080C9D2 /* main.m */,
				AB77854118B1B89C0080C9D2 /* MovieHobbit-Prefix.pch */,
			);
			name = "Supporting Files";
			sourceTree = "<group>";
		};
		AB77855818B1B89C0080C9D2 /* MovieHobbitTests */ = {
			isa = PBXGroup;
			children = (
				AB77855E18B1B89C0080C9D2 /* MovieHobbitTests.m */,
				AB77855918B1B89C0080C9D2 /* Supporting Files */,
			);
			path = MovieHobbitTests;
			sourceTree = "<group>";
		};
		AB77855918B1B89C0080C9D2 /* Supporting Files */ = {
			isa = PBXGroup;
			children = (
				AB77855A18B1B89C0080C9D2 /* MovieHobbitTests-Info.plist */,
				AB77855B18B1B89C0080C9D2 /* InfoPlist.strings */,
			);
			name = "Supporting Files";
			sourceTree = "<group>";
		};
		ABC4A9B218B1C05F00EAA06E /* Model */ = {
			isa = PBXGroup;
			children = (
				ABC4A9B318B1C07B00EAA06E /* MHGlobalVar.h */,
				ABC4A9B418B1C07B00EAA06E /* MHGlobalVar.m */,
				ABC4A9B618B1C09600EAA06E /* MHDataManager.h */,
				ABC4A9B718B1C09600EAA06E /* MHDataManager.m */,
				ABC4A9B918B1C0A700EAA06E /* MHDataManager.xcdatamodeld */,
				ABC4A9C218B1C5A700EAA06E /* MovieItem.h */,
				ABC4A9C318B1C5A700EAA06E /* MovieItem.m */,
			);
			name = Model;
			sourceTree = "<group>";
		};
/* End PBXGroup section */

/* Begin PBXNativeTarget section */
		AB77852F18B1B89C0080C9D2 /* MovieHobbit */ = {
			isa = PBXNativeTarget;
			buildConfigurationList = AB77856218B1B89C0080C9D2 /* Build configuration list for PBXNativeTarget "MovieHobbit" */;
			buildPhases = (
				92376AE66B6D4972B6235682 /* Check Pods Manifest.lock */,
				AB77852C18B1B89C0080C9D2 /* Sources */,
				AB77852D18B1B89C0080C9D2 /* Frameworks */,
				AB77852E18B1B89C0080C9D2 /* Resources */,
				A6662DC842954E90AA78B9F5 /* Copy Pods Resources */,
			);
			buildRules = (
			);
			dependencies = (
			);
			name = MovieHobbit;
			productName = MovieHobbit;
			productReference = AB77853018B1B89C0080C9D2 /* MovieHobbit.app */;
			productType = "com.apple.product-type.application";
		};
		AB77855018B1B89C0080C9D2 /* MovieHobbitTests */ = {
			isa = PBXNativeTarget;
			buildConfigurationList = AB77856518B1B89C0080C9D2 /* Build configuration list for PBXNativeTarget "MovieHobbitTests" */;
			buildPhases = (
				AB77854D18B1B89C0080C9D2 /* Sources */,
				AB77854E18B1B89C0080C9D2 /* Frameworks */,
				AB77854F18B1B89C0080C9D2 /* Resources */,
			);
			buildRules = (
			);
			dependencies = (
				AB77855718B1B89C0080C9D2 /* PBXTargetDependency */,
			);
			name = MovieHobbitTests;
			productName = MovieHobbitTests;
			productReference = AB77855118B1B89C0080C9D2 /* MovieHobbitTests.xctest */;
			productType = "com.apple.product-type.bundle.unit-test";
		};
/* End PBXNativeTarget section */

/* Begin PBXProject section */
		AB77852818B1B89C0080C9D2 /* Project object */ = {
			isa = PBXProject;
			attributes = {
				CLASSPREFIX = MH;
				LastUpgradeCheck = 0500;
				ORGANIZATIONNAME = thinkermobile;
				TargetAttributes = {
					AB77855018B1B89C0080C9D2 = {
						TestTargetID = AB77852F18B1B89C0080C9D2;
					};
				};
			};
			buildConfigurationList = AB77852B18B1B89C0080C9D2 /* Build configuration list for PBXProject "MovieHobbit" */;
			compatibilityVersion = "Xcode 3.2";
			developmentRegion = English;
			hasScannedForEncodings = 0;
			knownRegions = (
				en,
				Base,
			);
			mainGroup = AB77852718B1B89C0080C9D2;
			productRefGroup = AB77853118B1B89C0080C9D2 /* Products */;
			projectDirPath = "";
			projectRoot = "";
			targets = (
				AB77852F18B1B89C0080C9D2 /* MovieHobbit */,
				AB77855018B1B89C0080C9D2 /* MovieHobbitTests */,
			);
		};
/* End PBXProject section */

/* Begin PBXResourcesBuildPhase section */
		AB77852E18B1B89C0080C9D2 /* Resources */ = {
			isa = PBXResourcesBuildPhase;
			buildActionMask = 2147483647;
			files = (
				AB77854C18B1B89C0080C9D2 /* Images.xcassets in Resources */,
				AB77853E18B1B89C0080C9D2 /* InfoPlist.strings in Resources */,
				AB77854718B1B89C0080C9D2 /* Main.storyboard in Resources */,
			);
			runOnlyForDeploymentPostprocessing = 0;
		};
		AB77854F18B1B89C0080C9D2 /* Resources */ = {
			isa = PBXResourcesBuildPhase;
			buildActionMask = 2147483647;
			files = (
				AB77855D18B1B89C0080C9D2 /* InfoPlist.strings in Resources */,
			);
			runOnlyForDeploymentPostprocessing = 0;
		};
/* End PBXResourcesBuildPhase section */

/* Begin PBXShellScriptBuildPhase section */
		92376AE66B6D4972B6235682 /* Check Pods Manifest.lock */ = {
			isa = PBXShellScriptBuildPhase;
			buildActionMask = 2147483647;
			files = (
			);
			inputPaths = (
			);
			name = "Check Pods Manifest.lock";
			outputPaths = (
			);
			runOnlyForDeploymentPostprocessing = 0;
			shellPath = /bin/sh;
			shellScript = "diff \"${PODS_ROOT}/../Podfile.lock\" \"${PODS_ROOT}/Manifest.lock\" > /dev/null\nif [[ $? != 0 ]] ; then\n    cat << EOM\nerror: The sandbox is not in sync with the Podfile.lock. Run 'pod install' or update your CocoaPods installation.\nEOM\n    exit 1\nfi\n";
			showEnvVarsInLog = 0;
		};
		A6662DC842954E90AA78B9F5 /* Copy Pods Resources */ = {
			isa = PBXShellScriptBuildPhase;
			buildActionMask = 2147483647;
			files = (
			);
			inputPaths = (
			);
			name = "Copy Pods Resources";
			outputPaths = (
			);
			runOnlyForDeploymentPostprocessing = 0;
			shellPath = /bin/sh;
			shellScript = "\"${SRCROOT}/Pods/Pods-resources.sh\"\n";
			showEnvVarsInLog = 0;
		};
/* End PBXShellScriptBuildPhase section */

/* Begin PBXSourcesBuildPhase section */
		AB77852C18B1B89C0080C9D2 /* Sources */ = {
			isa = PBXSourcesBuildPhase;
			buildActionMask = 2147483647;
			files = (
				ABC4A9C718B1C72200EAA06E /* MHMovieItemCell.m in Sources */,
				AB77854018B1B89C0080C9D2 /* main.m in Sources */,
				AB77854A18B1B89C0080C9D2 /* MHViewController.m in Sources */,
				ABC4A9BB18B1C0A700EAA06E /* MHDataManager.xcdatamodeld in Sources */,
				ABC4A9B818B1C09600EAA06E /* MHDataManager.m in Sources */,
				ABC4A9C418B1C5A700EAA06E /* MovieItem.m in Sources */,
				AB77854418B1B89C0080C9D2 /* MHAppDelegate.m in Sources */,
				ABC4A9B518B1C07B00EAA06E /* MHGlobalVar.m in Sources */,
			);
			runOnlyForDeploymentPostprocessing = 0;
		};
		AB77854D18B1B89C0080C9D2 /* Sources */ = {
			isa = PBXSourcesBuildPhase;
			buildActionMask = 2147483647;
			files = (
				AB77855F18B1B89C0080C9D2 /* MovieHobbitTests.m in Sources */,
			);
			runOnlyForDeploymentPostprocessing = 0;
		};
/* End PBXSourcesBuildPhase section */

/* Begin PBXTargetDependency section */
		AB77855718B1B89C0080C9D2 /* PBXTargetDependency */ = {
			isa = PBXTargetDependency;
			target = AB77852F18B1B89C0080C9D2 /* MovieHobbit */;
			targetProxy = AB77855618B1B89C0080C9D2 /* PBXContainerItemProxy */;
		};
/* End PBXTargetDependency section */

/* Begin PBXVariantGroup section */
		AB77853C18B1B89C0080C9D2 /* InfoPlist.strings */ = {
			isa = PBXVariantGroup;
			children = (
				AB77853D18B1B89C0080C9D2 /* en */,
			);
			name = InfoPlist.strings;
			sourceTree = "<group>";
		};
		AB77854518B1B89C0080C9D2 /* Main.storyboard */ = {
			isa = PBXVariantGroup;
			children = (
				AB77854618B1B89C0080C9D2 /* Base */,
			);
			name = Main.storyboard;
			sourceTree = "<group>";
		};
		AB77855B18B1B89C0080C9D2 /* InfoPlist.strings */ = {
			isa = PBXVariantGroup;
			children = (
				AB77855C18B1B89C0080C9D2 /* en */,
			);
			name = InfoPlist.strings;
			sourceTree = "<group>";
		};
/* End PBXVariantGroup section */

/* Begin XCBuildConfiguration section */
		AB77856018B1B89C0080C9D2 /* Debug */ = {
			isa = XCBuildConfiguration;
			buildSettings = {
				ALWAYS_SEARCH_USER_PATHS = NO;
				ARCHS = "$(ARCHS_STANDARD_INCLUDING_64_BIT)";
				CLANG_CXX_LANGUAGE_STANDARD = "gnu++0x";
				CLANG_CXX_LIBRARY = "libc++";
				CLANG_ENABLE_MODULES = YES;
				CLANG_ENABLE_OBJC_ARC = YES;
				CLANG_WARN_BOOL_CONVERSION = YES;
				CLANG_WARN_CONSTANT_CONVERSION = YES;
				CLANG_WARN_DIRECT_OBJC_ISA_USAGE = YES_ERROR;
				CLANG_WARN_EMPTY_BODY = YES;
				CLANG_WARN_ENUM_CONVERSION = YES;
				CLANG_WARN_INT_CONVERSION = YES;
				CLANG_WARN_OBJC_ROOT_CLASS = YES_ERROR;
				CLANG_WARN__DUPLICATE_METHOD_MATCH = YES;
				"CODE_SIGN_IDENTITY[sdk=iphoneos*]" = "iPhone Developer";
				COPY_PHASE_STRIP = NO;
				GCC_C_LANGUAGE_STANDARD = gnu99;
				GCC_DYNAMIC_NO_PIC = NO;
				GCC_OPTIMIZATION_LEVEL = 0;
				GCC_PREPROCESSOR_DEFINITIONS = (
					"DEBUG=1",
					"$(inherited)",
				);
				GCC_SYMBOLS_PRIVATE_EXTERN = NO;
				GCC_WARN_64_TO_32_BIT_CONVERSION = YES;
				GCC_WARN_ABOUT_RETURN_TYPE = YES_ERROR;
				GCC_WARN_UNDECLARED_SELECTOR = YES;
				GCC_WARN_UNINITIALIZED_AUTOS = YES;
				GCC_WARN_UNUSED_FUNCTION = YES;
				GCC_WARN_UNUSED_VARIABLE = YES;
				IPHONEOS_DEPLOYMENT_TARGET = 7.0;
				ONLY_ACTIVE_ARCH = YES;
				SDKROOT = iphoneos;
			};
			name = Debug;
		};
		AB77856118B1B89C0080C9D2 /* Release */ = {
			isa = XCBuildConfiguration;
			buildSettings = {
				ALWAYS_SEARCH_USER_PATHS = NO;
				ARCHS = "$(ARCHS_STANDARD_INCLUDING_64_BIT)";
				CLANG_CXX_LANGUAGE_STANDARD = "gnu++0x";
				CLANG_CXX_LIBRARY = "libc++";
				CLANG_ENABLE_MODULES = YES;
				CLANG_ENABLE_OBJC_ARC = YES;
				CLANG_WARN_BOOL_CONVERSION = YES;
				CLANG_WARN_CONSTANT_CONVERSION = YES;
				CLANG_WARN_DIRECT_OBJC_ISA_USAGE = YES_ERROR;
				CLANG_WARN_EMPTY_BODY = YES;
				CLANG_WARN_ENUM_CONVERSION = YES;
				CLANG_WARN_INT_CONVERSION = YES;
				CLANG_WARN_OBJC_ROOT_CLASS = YES_ERROR;
				CLANG_WARN__DUPLICATE_METHOD_MATCH = YES;
				"CODE_SIGN_IDENTITY[sdk=iphoneos*]" = "iPhone Developer";
				COPY_PHASE_STRIP = YES;
				ENABLE_NS_ASSERTIONS = NO;
				GCC_C_LANGUAGE_STANDARD = gnu99;
				GCC_WARN_64_TO_32_BIT_CONVERSION = YES;
				GCC_WARN_ABOUT_RETURN_TYPE = YES_ERROR;
				GCC_WARN_UNDECLARED_SELECTOR = YES;
				GCC_WARN_UNINITIALIZED_AUTOS = YES;
				GCC_WARN_UNUSED_FUNCTION = YES;
				GCC_WARN_UNUSED_VARIABLE = YES;
				IPHONEOS_DEPLOYMENT_TARGET = 7.0;
				SDKROOT = iphoneos;
				VALIDATE_PRODUCT = YES;
			};
			name = Release;
		};
		AB77856318B1B89C0080C9D2 /* Debug */ = {
			isa = XCBuildConfiguration;
			baseConfigurationReference = CAF8A3E33FD542E7B9E9F88A /* Pods.xcconfig */;
			buildSettings = {
				ASSETCATALOG_COMPILER_APPICON_NAME = AppIcon;
				ASSETCATALOG_COMPILER_LAUNCHIMAGE_NAME = LaunchImage;
				GCC_PRECOMPILE_PREFIX_HEADER = YES;
				GCC_PREFIX_HEADER = "MovieHobbit/MovieHobbit-Prefix.pch";
				INFOPLIST_FILE = "MovieHobbit/MovieHobbit-Info.plist";
				PRODUCT_NAME = "$(TARGET_NAME)";
				WRAPPER_EXTENSION = app;
			};
			name = Debug;
		};
		AB77856418B1B89C0080C9D2 /* Release */ = {
			isa = XCBuildConfiguration;
			baseConfigurationReference = CAF8A3E33FD542E7B9E9F88A /* Pods.xcconfig */;
			buildSettings = {
				ASSETCATALOG_COMPILER_APPICON_NAME = AppIcon;
				ASSETCATALOG_COMPILER_LAUNCHIMAGE_NAME = LaunchImage;
				GCC_PRECOMPILE_PREFIX_HEADER = YES;
				GCC_PREFIX_HEADER = "MovieHobbit/MovieHobbit-Prefix.pch";
				INFOPLIST_FILE = "MovieHobbit/MovieHobbit-Info.plist";
				PRODUCT_NAME = "$(TARGET_NAME)";
				WRAPPER_EXTENSION = app;
			};
			name = Release;
		};
		AB77856618B1B89C0080C9D2 /* Debug */ = {
			isa = XCBuildConfiguration;
			buildSettings = {
				ARCHS = "$(ARCHS_STANDARD_INCLUDING_64_BIT)";
				BUNDLE_LOADER = "$(BUILT_PRODUCTS_DIR)/MovieHobbit.app/MovieHobbit";
				FRAMEWORK_SEARCH_PATHS = (
					"$(SDKROOT)/Developer/Library/Frameworks",
					"$(inherited)",
					"$(DEVELOPER_FRAMEWORKS_DIR)",
				);
				GCC_PRECOMPILE_PREFIX_HEADER = YES;
				GCC_PREFIX_HEADER = "MovieHobbit/MovieHobbit-Prefix.pch";
				GCC_PREPROCESSOR_DEFINITIONS = (
					"DEBUG=1",
					"$(inherited)",
				);
				INFOPLIST_FILE = "MovieHobbitTests/MovieHobbitTests-Info.plist";
				PRODUCT_NAME = "$(TARGET_NAME)";
				TEST_HOST = "$(BUNDLE_LOADER)";
				WRAPPER_EXTENSION = xctest;
			};
			name = Debug;
		};
		AB77856718B1B89C0080C9D2 /* Release */ = {
			isa = XCBuildConfiguration;
			buildSettings = {
				ARCHS = "$(ARCHS_STANDARD_INCLUDING_64_BIT)";
				BUNDLE_LOADER = "$(BUILT_PRODUCTS_DIR)/MovieHobbit.app/MovieHobbit";
				FRAMEWORK_SEARCH_PATHS = (
					"$(SDKROOT)/Developer/Library/Frameworks",
					"$(inherited)",
					"$(DEVELOPER_FRAMEWORKS_DIR)",
				);
				GCC_PRECOMPILE_PREFIX_HEADER = YES;
				GCC_PREFIX_HEADER = "MovieHobbit/MovieHobbit-Prefix.pch";
				INFOPLIST_FILE = "MovieHobbitTests/MovieHobbitTests-Info.plist";
				PRODUCT_NAME = "$(TARGET_NAME)";
				TEST_HOST = "$(BUNDLE_LOADER)";
				WRAPPER_EXTENSION = xctest;
			};
			name = Release;
		};
/* End XCBuildConfiguration section */

/* Begin XCConfigurationList section */
		AB77852B18B1B89C0080C9D2 /* Build configuration list for PBXProject "MovieHobbit" */ = {
			isa = XCConfigurationList;
			buildConfigurations = (
				AB77856018B1B89C0080C9D2 /* Debug */,
				AB77856118B1B89C0080C9D2 /* Release */,
			);
			defaultConfigurationIsVisible = 0;
			defaultConfigurationName = Release;
		};
		AB77856218B1B89C0080C9D2 /* Build configuration list for PBXNativeTarget "MovieHobbit" */ = {
			isa = XCConfigurationList;
			buildConfigurations = (
				AB77856318B1B89C0080C9D2 /* Debug */,
				AB77856418B1B89C0080C9D2 /* Release */,
			);
			defaultConfigurationIsVisible = 0;
			defaultConfigurationName = Release;
		};
		AB77856518B1B89C0080C9D2 /* Build configuration list for PBXNativeTarget "MovieHobbitTests" */ = {
			isa = XCConfigurationList;
			buildConfigurations = (
				AB77856618B1B89C0080C9D2 /* Debug */,
				AB77856718B1B89C0080C9D2 /* Release */,
			);
			defaultConfigurationIsVisible = 0;
			defaultConfigurationName = Release;
		};
/* End XCConfigurationList section */

/* Begin XCVersionGroup section */
		ABC4A9B918B1C0A700EAA06E /* MHDataManager.xcdatamodeld */ = {
			isa = XCVersionGroup;
			children = (
				ABC4A9BA18B1C0A700EAA06E /* MHDataManager.xcdatamodel */,
			);
			currentVersion = ABC4A9BA18B1C0A700EAA06E /* MHDataManager.xcdatamodel */;
			path = MHDataManager.xcdatamodeld;
			sourceTree = "<group>";
			versionGroupType = wrapper.xcdatamodel;
		};
/* End XCVersionGroup section */
	};
	rootObject = AB77852818B1B89C0080C9D2 /* Project object */;
}
